{
  "name": "acs",
  "version": "0.0.0",
  "lockfileVersion": 3,
  "requires": true,
  "packages": {
    "": {
      "name": "acs",
      "version": "0.0.0",
      "workspaces": [
        "packages/*"
      ],
      "engines": {
        "node": ">=22"
      }
    },
    "node_modules/@acs/core": {
      "resolved": "packages/core",
      "link": true
    },
    "packages/core": {
      "name": "@acs/core",
      "version": "0.0.0"
    }
  }
}
